# SPDX-License-Identifier: GPL-2.0-or-later
# Repository URLs and immutable revisions used by the build and reference data.
# Host tools and the Arm GNU Toolchain are pinned separately in mise.toml.
VIAL_QMK_REPOSITORY=https://github.com/tangbonze/vial-qmk.git
VIAL_QMK_COMMIT=41babbb8ce6ee4029b8aa13195eeed15f1f1afb5
KEYBALL_REPOSITORY=https://github.com/Yowkees/keyball.git
KEYBALL_COMMIT=78de67c49f38836aca06bccd87b42d297d89e1b4
