# SPDX-License-Identifier: GPL-2.0-or-later
# Repository URLs and immutable revisions used by the build and reference data.
# Host tools and the Arm GNU Toolchain are pinned separately in mise.toml.
VIAL_QMK_REPOSITORY=https://github.com/tangbonze/vial-qmk.git
VIAL_QMK_COMMIT=41babbb8ce6ee4029b8aa13195eeed15f1f1afb5
KEYBALL_REPOSITORY=https://github.com/Yowkees/keyball.git
KEYBALL_COMMIT=78de67c49f38836aca06bccd87b42d297d89e1b4
PICOTOOL_REPOSITORY=https://github.com/raspberrypi/picotool.git
PICOTOOL_VERSION=2.3.0
PICOTOOL_COMMIT=6f6458d792b93685a11423b244a585eaa99eafcf
PICO_SDK_REPOSITORY=https://github.com/raspberrypi/pico-sdk.git
PICO_SDK_COMMIT=98a542c1a62fb549ffb5d66a3e5892b06276b670
